
Microsoft Visual Studio Solution File, Format Version 12.00
# Visual Studio 15
VisualStudioVersion = 15.0.27004.2002
MinimumVisualStudioVersion = 10.0.40219.1
Project("{9A19103F-16F7-4668-BE54-9A1E7A4F7556}") = "MMAPI.Models", "MMAPI.Models\MMAPI.Models.csproj", "{37C51B1C-0BAE-4131-B636-54543A145C6C}"
EndProject
Project("{FAE04EC0-301F-11D3-BF4B-00C04F79EFBC}") = "MMAPI.Services", "MMAPI.Services\MMAPI.Services.csproj", "{ABFC98F8-D94C-4899-888C-36FCEB6662ED}"
EndProject
Project("{FAE04EC0-301F-11D3-BF4B-00C04F79EFBC}") = "MMAPI.Services.Tests", "MMAPI.Services.Tests\MMAPI.Services.Tests.csproj", "{68D4F760-E141-48A6-A3DC-9A1E24FC5678}"
EndProject
Project("{FAE04EC0-301F-11D3-BF4B-00C04F79EFBC}") = "MMAPI.Common", "MMAPI.Common\MMAPI.Common.csproj", "{84617FD3-E61C-4C01-8F07-32B8C470301E}"
EndProject
Project("{FAE04EC0-301F-11D3-BF4B-00C04F79EFBC}") = "MMAPI.Models.Tests", "MMAPI.Models.Tests\MMAPI.Models.Tests.csproj", "{056455AA-7ADF-40B9-913A-96B83531EF50}"
EndProject
Project("{9A19103F-16F7-4668-BE54-9A1E7A4F7556}") = "MMAPI.Functions", "MMAPI.Functions\MMAPI.Functions.csproj", "{B05E769E-D5BF-46C0-9BD6-47537601CA3F}"
EndProject
Project("{2150E333-8FDC-42A3-9474-1A3956D46DE8}") = "Libraries", "Libraries", "{9E891E76-5E08-4C4F-B2C3-C4605C2BE3FA}"
EndProject
Project("{2150E333-8FDC-42A3-9474-1A3956D46DE8}") = "Tests", "Tests", "{FF7D3EA2-9795-43FF-99FB-51C997F85DB7}"
EndProject
Project("{FAE04EC0-301F-11D3-BF4B-00C04F79EFBC}") = "MMAPI.Repository", "MMAPI.Repository\MMAPI.Repository.csproj", "{26E366CA-BDE2-4700-A71E-EB78718E35E4}"
EndProject
Global
	GlobalSection(SolutionConfigurationPlatforms) = preSolution
		Debug|Any CPU = Debug|Any CPU
		Release|Any CPU = Release|Any CPU
	EndGlobalSection
	GlobalSection(ProjectConfigurationPlatforms) = postSolution
		{37C51B1C-0BAE-4131-B636-54543A145C6C}.Debug|Any CPU.ActiveCfg = Debug|Any CPU
		{37C51B1C-0BAE-4131-B636-54543A145C6C}.Debug|Any CPU.Build.0 = Debug|Any CPU
		{37C51B1C-0BAE-4131-B636-54543A145C6C}.Release|Any CPU.ActiveCfg = Release|Any CPU
		{37C51B1C-0BAE-4131-B636-54543A145C6C}.Release|Any CPU.Build.0 = Release|Any CPU
		{ABFC98F8-D94C-4899-888C-36FCEB6662ED}.Debug|Any CPU.ActiveCfg = Debug|Any CPU
		{ABFC98F8-D94C-4899-888C-36FCEB6662ED}.Debug|Any CPU.Build.0 = Debug|Any CPU
		{ABFC98F8-D94C-4899-888C-36FCEB6662ED}.Release|Any CPU.ActiveCfg = Release|Any CPU
		{ABFC98F8-D94C-4899-888C-36FCEB6662ED}.Release|Any CPU.Build.0 = Release|Any CPU
		{68D4F760-E141-48A6-A3DC-9A1E24FC5678}.Debug|Any CPU.ActiveCfg = Debug|Any CPU
		{68D4F760-E141-48A6-A3DC-9A1E24FC5678}.Debug|Any CPU.Build.0 = Debug|Any CPU
		{68D4F760-E141-48A6-A3DC-9A1E24FC5678}.Release|Any CPU.ActiveCfg = Release|Any CPU
		{68D4F760-E141-48A6-A3DC-9A1E24FC5678}.Release|Any CPU.Build.0 = Release|Any CPU
		{84617FD3-E61C-4C01-8F07-32B8C470301E}.Debug|Any CPU.ActiveCfg = Debug|Any CPU
		{84617FD3-E61C-4C01-8F07-32B8C470301E}.Debug|Any CPU.Build.0 = Debug|Any CPU
		{84617FD3-E61C-4C01-8F07-32B8C470301E}.Release|Any CPU.ActiveCfg = Release|Any CPU
		{84617FD3-E61C-4C01-8F07-32B8C470301E}.Release|Any CPU.Build.0 = Release|Any CPU
		{056455AA-7ADF-40B9-913A-96B83531EF50}.Debug|Any CPU.ActiveCfg = Debug|Any CPU
		{056455AA-7ADF-40B9-913A-96B83531EF50}.Debug|Any CPU.Build.0 = Debug|Any CPU
		{056455AA-7ADF-40B9-913A-96B83531EF50}.Release|Any CPU.ActiveCfg = Release|Any CPU
		{056455AA-7ADF-40B9-913A-96B83531EF50}.Release|Any CPU.Build.0 = Release|Any CPU
		{B05E769E-D5BF-46C0-9BD6-47537601CA3F}.Debug|Any CPU.ActiveCfg = Debug|Any CPU
		{B05E769E-D5BF-46C0-9BD6-47537601CA3F}.Debug|Any CPU.Build.0 = Debug|Any CPU
		{B05E769E-D5BF-46C0-9BD6-47537601CA3F}.Release|Any CPU.ActiveCfg = Release|Any CPU
		{B05E769E-D5BF-46C0-9BD6-47537601CA3F}.Release|Any CPU.Build.0 = Release|Any CPU
		{26E366CA-BDE2-4700-A71E-EB78718E35E4}.Debug|Any CPU.ActiveCfg = Debug|Any CPU
		{26E366CA-BDE2-4700-A71E-EB78718E35E4}.Debug|Any CPU.Build.0 = Debug|Any CPU
		{26E366CA-BDE2-4700-A71E-EB78718E35E4}.Release|Any CPU.ActiveCfg = Release|Any CPU
		{26E366CA-BDE2-4700-A71E-EB78718E35E4}.Release|Any CPU.Build.0 = Release|Any CPU
	EndGlobalSection
	GlobalSection(SolutionProperties) = preSolution
		HideSolutionNode = FALSE
	EndGlobalSection
	GlobalSection(NestedProjects) = preSolution
		{37C51B1C-0BAE-4131-B636-54543A145C6C} = {9E891E76-5E08-4C4F-B2C3-C4605C2BE3FA}
		{ABFC98F8-D94C-4899-888C-36FCEB6662ED} = {9E891E76-5E08-4C4F-B2C3-C4605C2BE3FA}
		{68D4F760-E141-48A6-A3DC-9A1E24FC5678} = {FF7D3EA2-9795-43FF-99FB-51C997F85DB7}
		{84617FD3-E61C-4C01-8F07-32B8C470301E} = {9E891E76-5E08-4C4F-B2C3-C4605C2BE3FA}
		{056455AA-7ADF-40B9-913A-96B83531EF50} = {FF7D3EA2-9795-43FF-99FB-51C997F85DB7}
		{B05E769E-D5BF-46C0-9BD6-47537601CA3F} = {9E891E76-5E08-4C4F-B2C3-C4605C2BE3FA}
		{26E366CA-BDE2-4700-A71E-EB78718E35E4} = {9E891E76-5E08-4C4F-B2C3-C4605C2BE3FA}
	EndGlobalSection
	GlobalSection(ExtensibilityGlobals) = postSolution
		SolutionGuid = {F47B10F4-8129-4FBF-9857-850822F92977}
	EndGlobalSection
EndGlobal
